# This file is automatically @generated by Cargo.
# It is not intended for manual editing.
version = 4

[[package]]
name = "use-attribution"
version = "0.0.1"

[[package]]
name = "use-campaign"
version = "0.0.1"

[[package]]
name = "use-canonical"
version = "0.0.1"

[[package]]
name = "use-geo"
version = "0.0.1"

[[package]]
name = "use-listing"
version = "0.0.1"

[[package]]
name = "use-local"
version = "0.0.1"

[[package]]
name = "use-metadata"
version = "0.0.1"

[[package]]
name = "use-presence"
version = "0.0.1"
dependencies = [
 "use-attribution",
 "use-campaign",
 "use-canonical",
 "use-geo",
 "use-listing",
 "use-local",
 "use-metadata",
 "use-referrer",
 "use-robots",
 "use-schema",
 "use-seo",
 "use-sitemap",
 "use-utm",
]

[[package]]
name = "use-referrer"
version = "0.0.1"

[[package]]
name = "use-robots"
version = "0.0.1"

[[package]]
name = "use-schema"
version = "0.0.1"

[[package]]
name = "use-seo"
version = "0.0.1"

[[package]]
name = "use-sitemap"
version = "0.0.1"

[[package]]
name = "use-utm"
version = "0.0.1"
